
Microsoft Visual Studio Solution File, Format Version 12.00
# Visual Studio Version 17
VisualStudioVersion = 17.10.35027.167
MinimumVisualStudioVersion = 10.0.40219.1
Project("{9A19103F-16F7-4668-BE54-9A1E7A4F7556}") = "Test.Grains", "Orleans.Grain\Test.Grains.csproj", "{67E86581-5475-4A3A-8B39-11F74A3974A8}"
EndProject
Project("{9A19103F-16F7-4668-BE54-9A1E7A4F7556}") = "Test.Silos", "Orleans.Silo\Test.Silos.csproj", "{1D4418A4-1EAB-4AE9-9B5D-0DC1B0373B97}"
EndProject
Project("{9A19103F-16F7-4668-BE54-9A1E7A4F7556}") = "Test.IGrains", "Orleans.IGrains\Test.IGrains.csproj", "{8C2701AA-976C-46F7-9D12-7C45B2F1F706}"
EndProject
Project("{FAE04EC0-301F-11D3-BF4B-00C04F79EFBC}") = "ChatTest", "ChatTest\ChatTest.csproj", "{5EC98053-2331-443E-A321-61D4507D85E8}"
EndProject
Global
	GlobalSection(SolutionConfigurationPlatforms) = preSolution
		Debug|Any CPU = Debug|Any CPU
		Debug|x64 = Debug|x64
		Release|Any CPU = Release|Any CPU
		Release|x64 = Release|x64
	EndGlobalSection
	GlobalSection(ProjectConfigurationPlatforms) = postSolution
		{67E86581-5475-4A3A-8B39-11F74A3974A8}.Debug|Any CPU.ActiveCfg = Debug|Any CPU
		{67E86581-5475-4A3A-8B39-11F74A3974A8}.Debug|Any CPU.Build.0 = Debug|Any CPU
		{67E86581-5475-4A3A-8B39-11F74A3974A8}.Debug|x64.ActiveCfg = Debug|x64
		{67E86581-5475-4A3A-8B39-11F74A3974A8}.Debug|x64.Build.0 = Debug|x64
		{67E86581-5475-4A3A-8B39-11F74A3974A8}.Release|Any CPU.ActiveCfg = Release|Any CPU
		{67E86581-5475-4A3A-8B39-11F74A3974A8}.Release|Any CPU.Build.0 = Release|Any CPU
		{67E86581-5475-4A3A-8B39-11F74A3974A8}.Release|x64.ActiveCfg = Release|x64
		{67E86581-5475-4A3A-8B39-11F74A3974A8}.Release|x64.Build.0 = Release|x64
		{1D4418A4-1EAB-4AE9-9B5D-0DC1B0373B97}.Debug|Any CPU.ActiveCfg = Debug|Any CPU
		{1D4418A4-1EAB-4AE9-9B5D-0DC1B0373B97}.Debug|Any CPU.Build.0 = Debug|Any CPU
		{1D4418A4-1EAB-4AE9-9B5D-0DC1B0373B97}.Debug|x64.ActiveCfg = Debug|x64
		{1D4418A4-1EAB-4AE9-9B5D-0DC1B0373B97}.Debug|x64.Build.0 = Debug|x64
		{1D4418A4-1EAB-4AE9-9B5D-0DC1B0373B97}.Release|Any CPU.ActiveCfg = Release|Any CPU
		{1D4418A4-1EAB-4AE9-9B5D-0DC1B0373B97}.Release|Any CPU.Build.0 = Release|Any CPU
		{1D4418A4-1EAB-4AE9-9B5D-0DC1B0373B97}.Release|x64.ActiveCfg = Release|x64
		{1D4418A4-1EAB-4AE9-9B5D-0DC1B0373B97}.Release|x64.Build.0 = Release|x64
		{8C2701AA-976C-46F7-9D12-7C45B2F1F706}.Debug|Any CPU.ActiveCfg = Debug|Any CPU
		{8C2701AA-976C-46F7-9D12-7C45B2F1F706}.Debug|Any CPU.Build.0 = Debug|Any CPU
		{8C2701AA-976C-46F7-9D12-7C45B2F1F706}.Debug|x64.ActiveCfg = Debug|Any CPU
		{8C2701AA-976C-46F7-9D12-7C45B2F1F706}.Debug|x64.Build.0 = Debug|Any CPU
		{8C2701AA-976C-46F7-9D12-7C45B2F1F706}.Release|Any CPU.ActiveCfg = Release|Any CPU
		{8C2701AA-976C-46F7-9D12-7C45B2F1F706}.Release|Any CPU.Build.0 = Release|Any CPU
		{8C2701AA-976C-46F7-9D12-7C45B2F1F706}.Release|x64.ActiveCfg = Release|Any CPU
		{8C2701AA-976C-46F7-9D12-7C45B2F1F706}.Release|x64.Build.0 = Release|Any CPU
		{5EC98053-2331-443E-A321-61D4507D85E8}.Debug|Any CPU.ActiveCfg = Debug|Any CPU
		{5EC98053-2331-443E-A321-61D4507D85E8}.Debug|Any CPU.Build.0 = Debug|Any CPU
		{5EC98053-2331-443E-A321-61D4507D85E8}.Debug|x64.ActiveCfg = Debug|Any CPU
		{5EC98053-2331-443E-A321-61D4507D85E8}.Debug|x64.Build.0 = Debug|Any CPU
		{5EC98053-2331-443E-A321-61D4507D85E8}.Release|Any CPU.ActiveCfg = Release|Any CPU
		{5EC98053-2331-443E-A321-61D4507D85E8}.Release|Any CPU.Build.0 = Release|Any CPU
		{5EC98053-2331-443E-A321-61D4507D85E8}.Release|x64.ActiveCfg = Release|Any CPU
		{5EC98053-2331-443E-A321-61D4507D85E8}.Release|x64.Build.0 = Release|Any CPU
	EndGlobalSection
	GlobalSection(SolutionProperties) = preSolution
		HideSolutionNode = FALSE
	EndGlobalSection
	GlobalSection(ExtensibilityGlobals) = postSolution
		SolutionGuid = {FBF01C53-0D1F-4735-A1BC-6AFFA2C306D2}
	EndGlobalSection
EndGlobal
